
Microsoft Visual Studio Solution File, Format Version 12.00
# Visual Studio Version 16
VisualStudioVersion = 16.0.29920.165
MinimumVisualStudioVersion = 10.0.40219.1
Project("{8BC9CEB8-8B4A-11D0-8D11-00A0C91BC942}") = "SocketChatRoomClient", "SocketChatRoomClient\SocketChatRoomClient.vcxproj", "{2FA70823-4B4A-47A4-9D2D-F0E30F690918}"
EndProject
Global
	GlobalSection(SolutionConfigurationPlatforms) = preSolution
		Debug|x64 = Debug|x64
		Debug|x86 = Debug|x86
		Release|x64 = Release|x64
		Release|x86 = Release|x86
	EndGlobalSection
	GlobalSection(ProjectConfigurationPlatforms) = postSolution
		{2FA70823-4B4A-47A4-9D2D-F0E30F690918}.Debug|x64.ActiveCfg = Debug|x64
		{2FA70823-4B4A-47A4-9D2D-F0E30F690918}.Debug|x64.Build.0 = Debug|x64
		{2FA70823-4B4A-47A4-9D2D-F0E30F690918}.Debug|x86.ActiveCfg = Debug|Win32
		{2FA70823-4B4A-47A4-9D2D-F0E30F690918}.Debug|x86.Build.0 = Debug|Win32
		{2FA70823-4B4A-47A4-9D2D-F0E30F690918}.Release|x64.ActiveCfg = Release|x64
		{2FA70823-4B4A-47A4-9D2D-F0E30F690918}.Release|x64.Build.0 = Release|x64
		{2FA70823-4B4A-47A4-9D2D-F0E30F690918}.Release|x86.ActiveCfg = Release|Win32
		{2FA70823-4B4A-47A4-9D2D-F0E30F690918}.Release|x86.Build.0 = Release|Win32
	EndGlobalSection
	GlobalSection(SolutionProperties) = preSolution
		HideSolutionNode = FALSE
	EndGlobalSection
	GlobalSection(ExtensibilityGlobals) = postSolution
		SolutionGuid = {8C15C20E-10CB-4977-9E9B-94916AA826EC}
	EndGlobalSection
EndGlobal
